
Microsoft Visual Studio Solution File, Format Version 12.00
# Visual Studio Version 16
VisualStudioVersion = 16.0.33927.289
MinimumVisualStudioVersion = 10.0.40219.1
Project("{2150E333-8FDC-42A3-9474-1A3956D46DE8}") = "Task0", "Task0", "{CE2C03E0-EFF9-4B56-BBA4-4A355625A359}"
EndProject
Project("{FAE04EC0-301F-11D3-BF4B-00C04F79EFBC}") = "Tyuiu.SafronovVV.Sprint6.Task0.V22.Lib", "Tyuiu.SafronovVV.Sprint6.Task0.V22.Lib\Tyuiu.SafronovVV.Sprint6.Task0.V22.Lib.csproj", "{D9029948-9B2B-4ABE-9717-0E98656BF8E1}"
EndProject
Project("{FAE04EC0-301F-11D3-BF4B-00C04F79EFBC}") = "Tyuiu.SafronovVV.Sprint6.Task0.V22.Test", "Tyuiu.SafronovVV.Sprint6.Task0.V22.Test\Tyuiu.SafronovVV.Sprint6.Task0.V22.Test.csproj", "{40EE1019-20A5-42AD-AFA4-9266D576AFBC}"
EndProject
Project("{FAE04EC0-301F-11D3-BF4B-00C04F79EFBC}") = "Tyuiu.SafronovVV.Sprint6.Task0.V22", "Tyuiu.SafronovVV.Sprint6.Task0.V22\Tyuiu.SafronovVV.Sprint6.Task0.V22.csproj", "{A404FE6B-2DD8-4DFC-932E-5957A0A07978}"
EndProject
Project("{2150E333-8FDC-42A3-9474-1A3956D46DE8}") = "Task1", "Task1", "{DA95035F-9871-431D-A484-F7A5F5693EA1}"
EndProject
Project("{FAE04EC0-301F-11D3-BF4B-00C04F79EFBC}") = "Tyuiu.SafronovVV.Sprint6.Task1.V14.Lib", "Tyuiu.SafronovVV.Sprint6.Task1.V14.Lib\Tyuiu.SafronovVV.Sprint6.Task1.V14.Lib.csproj", "{3BA64E88-B232-4F9B-B414-4E818706FBC7}"
EndProject
Project("{FAE04EC0-301F-11D3-BF4B-00C04F79EFBC}") = "Tyuiu.SafronovVV.Sprint6.Task1.V14.Test", "Tyuiu.SafronovVV.Sprint6.Task1.V14.Test\Tyuiu.SafronovVV.Sprint6.Task1.V14.Test.csproj", "{8B9E8477-0183-4B0B-A19B-BEDF7811E83A}"
EndProject
Project("{FAE04EC0-301F-11D3-BF4B-00C04F79EFBC}") = "Tyuiu.SafronovVV.Sprint6.Task1.V14", "Tyuiu.SafronovVV.Sprint6.Task1.V14\Tyuiu.SafronovVV.Sprint6.Task1.V14.csproj", "{28716FCF-BA22-4299-AD5B-2B0C6E00F8C4}"
EndProject
Project("{2150E333-8FDC-42A3-9474-1A3956D46DE8}") = "Task2", "Task2", "{3C54C730-C85A-4C3E-9E6C-4D743369EC8D}"
EndProject
Project("{FAE04EC0-301F-11D3-BF4B-00C04F79EFBC}") = "Tyuiu.SafronovVV.Sprint6.Task2.V3.Lib", "Tyuiu.SafronovVV.Sprint6.Task2.V3.Lib\Tyuiu.SafronovVV.Sprint6.Task2.V3.Lib.csproj", "{53F17ECA-CE7C-404E-B192-B467C9BBFFFC}"
EndProject
Project("{FAE04EC0-301F-11D3-BF4B-00C04F79EFBC}") = "Tyuiu.SafronovVV.Sprint6.Task2.V3.Test", "Tyuiu.SafronovVV.Sprint6.Task2.V3.Test\Tyuiu.SafronovVV.Sprint6.Task2.V3.Test.csproj", "{30E6266F-394D-4192-9383-88AEF265C37D}"
EndProject
Project("{FAE04EC0-301F-11D3-BF4B-00C04F79EFBC}") = "Tyuiu.SafronovVV.Sprint6.Task2.V3", "Tyuiu.SafronovVV.Sprint6.Task2.V3\Tyuiu.SafronovVV.Sprint6.Task2.V3.csproj", "{E1F72FFC-C179-43FC-A88C-898F538BFD80}"
EndProject
Project("{2150E333-8FDC-42A3-9474-1A3956D46DE8}") = "Task3", "Task3", "{2BD979B9-98CE-4835-B537-CF148D5A1E98}"
EndProject
Project("{FAE04EC0-301F-11D3-BF4B-00C04F79EFBC}") = "Tyuiu.SafronovVV.Sprint6.Task3.V16.Lib", "Tyuiu.SafronovVV.Sprint6.Task3.V16.Lib\Tyuiu.SafronovVV.Sprint6.Task3.V16.Lib.csproj", "{5EFA4E5B-BDE3-4E30-B95C-64DE91FC005B}"
EndProject
Project("{FAE04EC0-301F-11D3-BF4B-00C04F79EFBC}") = "Tyuiu.SafronovVV.Sprint6.Task3.V16.Test", "Tyuiu.SafronovVV.Sprint6.Task3.V16.Test\Tyuiu.SafronovVV.Sprint6.Task3.V16.Test.csproj", "{15DCDEA2-09E6-4841-B3EA-8D939DA4C382}"
EndProject
Project("{FAE04EC0-301F-11D3-BF4B-00C04F79EFBC}") = "Tyuiu.SafronovVV.Sprint6.Task3.V16", "Tyuiu.SafronovVV.Sprint6.Task3.V16\Tyuiu.SafronovVV.Sprint6.Task3.V16.csproj", "{CB7A95DC-1CCB-4C19-BA68-152C62D7DE38}"
EndProject
Project("{2150E333-8FDC-42A3-9474-1A3956D46DE8}") = "Task4", "Task4", "{71310BD6-58AF-499E-8C82-B61C0019083D}"
EndProject
Project("{FAE04EC0-301F-11D3-BF4B-00C04F79EFBC}") = "Tyuiu.SafronovVV.Sprint6.Task4.V25.Lib", "Tyuiu.SafronovVV.Sprint6.Task4.V25.Lib\Tyuiu.SafronovVV.Sprint6.Task4.V25.Lib.csproj", "{39767A6D-81A0-4ADD-8501-3DA1596358C6}"
EndProject
Project("{FAE04EC0-301F-11D3-BF4B-00C04F79EFBC}") = "Tyuiu.SafronovVV.Sprint6.Task4.V25.Test", "Tyuiu.SafronovVV.Sprint6.Task4.V25.Test\Tyuiu.SafronovVV.Sprint6.Task4.V25.Test.csproj", "{AF236A32-208A-433D-BD77-DFF6BA397FDC}"
EndProject
Project("{FAE04EC0-301F-11D3-BF4B-00C04F79EFBC}") = "Tyuiu.SafronovVV.Sprint6.Task4.V25", "Tyuiu.SafronovVV.Sprint6.Task4.V25\Tyuiu.SafronovVV.Sprint6.Task4.V25.csproj", "{6EAFBFF5-C2DC-42E9-9DD1-DC586CC64360}"
EndProject
Project("{2150E333-8FDC-42A3-9474-1A3956D46DE8}") = "Task5", "Task5", "{D5030BD0-88F4-4FF0-BC96-29E66DA7F17A}"
EndProject
Project("{FAE04EC0-301F-11D3-BF4B-00C04F79EFBC}") = "Tyuiu.SafronovVV.Sprint6.Task5.V7.Lib", "Tyuiu.SafronovVV.Sprint6.Task5.V7.Lib\Tyuiu.SafronovVV.Sprint6.Task5.V7.Lib.csproj", "{8E802A1A-68C7-4CC1-BF6F-6DF068DD15BF}"
EndProject
Project("{FAE04EC0-301F-11D3-BF4B-00C04F79EFBC}") = "Tyuiu.SafronovVV.Sprint6.Task5.V7.Test", "Tyuiu.SafronovVV.Sprint6.Task5.V7.Test\Tyuiu.SafronovVV.Sprint6.Task5.V7.Test.csproj", "{6B39DACE-F498-484D-9DFD-00C137F27D36}"
EndProject
Project("{FAE04EC0-301F-11D3-BF4B-00C04F79EFBC}") = "Tyuiu.SafronovVV.Sprint6.Task5.V7", "Tyuiu.SafronovVV.Sprint6.Task5.V7\Tyuiu.SafronovVV.Sprint6.Task5.V7.csproj", "{D6C77418-8000-493F-A756-4A9C4B4D0B00}"
EndProject
Project("{2150E333-8FDC-42A3-9474-1A3956D46DE8}") = "Task6", "Task6", "{CB6F6ABC-14DE-48C1-A007-719836AE2BBE}"
EndProject
Project("{FAE04EC0-301F-11D3-BF4B-00C04F79EFBC}") = "Tyuiu.SafronovVV.Sprint6.Task6.V1.Lib", "Tyuiu.SafronovVV.Sprint6.Task6.V1.Lib\Tyuiu.SafronovVV.Sprint6.Task6.V1.Lib.csproj", "{F905A864-6EFE-443D-BF17-BD66FBC5CAFB}"
EndProject
Project("{FAE04EC0-301F-11D3-BF4B-00C04F79EFBC}") = "Tyuiu.SafronovVV.Sprint6.Task6.V1.Test", "Tyuiu.SafronovVV.Sprint6.Task6.V1.Test\Tyuiu.SafronovVV.Sprint6.Task6.V1.Test.csproj", "{8D83E0BF-1360-48F3-9265-868C02C2A9AC}"
EndProject
Project("{FAE04EC0-301F-11D3-BF4B-00C04F79EFBC}") = "Tyuiu.SafronovVV.Sprint6.Task6.V1", "Tyuiu.SafronovVV.Sprint6.Task6.V1\Tyuiu.SafronovVV.Sprint6.Task6.V1.csproj", "{B79C0703-B8C9-4B60-9068-1B1C35781317}"
EndProject
Project("{2150E333-8FDC-42A3-9474-1A3956D46DE8}") = "Task7", "Task7", "{8227BC4B-FDE4-48D6-80E6-F94637B7F9ED}"
EndProject
Project("{FAE04EC0-301F-11D3-BF4B-00C04F79EFBC}") = "Tyuiu.SafronovVV.Sprint6.Task7.V8", "Tyuiu.SafronovVV.Sprint6.Task7.V8\Tyuiu.SafronovVV.Sprint6.Task7.V8.csproj", "{EBB10C99-9F08-41A7-86A6-8CFC3A0D64F5}"
EndProject
Project("{FAE04EC0-301F-11D3-BF4B-00C04F79EFBC}") = "Tyuiu.SafronovVV.Sprint6.Task7.V8.Lib", "Tyuiu.SafronovVV.Sprint6.Task7.V8.Lib\Tyuiu.SafronovVV.Sprint6.Task7.V8.Lib.csproj", "{B47EAA8F-0609-4E97-8990-586C17B7DFB5}"
EndProject
Project("{FAE04EC0-301F-11D3-BF4B-00C04F79EFBC}") = "Tyuiu.SafronovVV.Sprint6.Task7.V8.Test", "Tyuiu.SafronovVV.Sprint6.Task7.V8.Test\Tyuiu.SafronovVV.Sprint6.Task7.V8.Test.csproj", "{F18FFCC7-A436-484D-B1DF-85BC6D4CC064}"
EndProject
Global
	GlobalSection(SolutionConfigurationPlatforms) = preSolution
		Debug|Any CPU = Debug|Any CPU
		Release|Any CPU = Release|Any CPU
	EndGlobalSection
	GlobalSection(ProjectConfigurationPlatforms) = postSolution
		{D9029948-9B2B-4ABE-9717-0E98656BF8E1}.Debug|Any CPU.ActiveCfg = Debug|Any CPU
		{D9029948-9B2B-4ABE-9717-0E98656BF8E1}.Debug|Any CPU.Build.0 = Debug|Any CPU
		{D9029948-9B2B-4ABE-9717-0E98656BF8E1}.Release|Any CPU.ActiveCfg = Release|Any CPU
		{D9029948-9B2B-4ABE-9717-0E98656BF8E1}.Release|Any CPU.Build.0 = Release|Any CPU
		{40EE1019-20A5-42AD-AFA4-9266D576AFBC}.Debug|Any CPU.ActiveCfg = Debug|Any CPU
		{40EE1019-20A5-42AD-AFA4-9266D576AFBC}.Debug|Any CPU.Build.0 = Debug|Any CPU
		{40EE1019-20A5-42AD-AFA4-9266D576AFBC}.Release|Any CPU.ActiveCfg = Release|Any CPU
		{40EE1019-20A5-42AD-AFA4-9266D576AFBC}.Release|Any CPU.Build.0 = Release|Any CPU
		{A404FE6B-2DD8-4DFC-932E-5957A0A07978}.Debug|Any CPU.ActiveCfg = Debug|Any CPU
		{A404FE6B-2DD8-4DFC-932E-5957A0A07978}.Debug|Any CPU.Build.0 = Debug|Any CPU
		{A404FE6B-2DD8-4DFC-932E-5957A0A07978}.Release|Any CPU.ActiveCfg = Release|Any CPU
		{A404FE6B-2DD8-4DFC-932E-5957A0A07978}.Release|Any CPU.Build.0 = Release|Any CPU
		{3BA64E88-B232-4F9B-B414-4E818706FBC7}.Debug|Any CPU.ActiveCfg = Debug|Any CPU
		{3BA64E88-B232-4F9B-B414-4E818706FBC7}.Debug|Any CPU.Build.0 = Debug|Any CPU
		{3BA64E88-B232-4F9B-B414-4E818706FBC7}.Release|Any CPU.ActiveCfg = Release|Any CPU
		{3BA64E88-B232-4F9B-B414-4E818706FBC7}.Release|Any CPU.Build.0 = Release|Any CPU
		{8B9E8477-0183-4B0B-A19B-BEDF7811E83A}.Debug|Any CPU.ActiveCfg = Debug|Any CPU
		{8B9E8477-0183-4B0B-A19B-BEDF7811E83A}.Debug|Any CPU.Build.0 = Debug|Any CPU
		{8B9E8477-0183-4B0B-A19B-BEDF7811E83A}.Release|Any CPU.ActiveCfg = Release|Any CPU
		{8B9E8477-0183-4B0B-A19B-BEDF7811E83A}.Release|Any CPU.Build.0 = Release|Any CPU
		{28716FCF-BA22-4299-AD5B-2B0C6E00F8C4}.Debug|Any CPU.ActiveCfg = Debug|Any CPU
		{28716FCF-BA22-4299-AD5B-2B0C6E00F8C4}.Debug|Any CPU.Build.0 = Debug|Any CPU
		{28716FCF-BA22-4299-AD5B-2B0C6E00F8C4}.Release|Any CPU.ActiveCfg = Release|Any CPU
		{28716FCF-BA22-4299-AD5B-2B0C6E00F8C4}.Release|Any CPU.Build.0 = Release|Any CPU
		{53F17ECA-CE7C-404E-B192-B467C9BBFFFC}.Debug|Any CPU.ActiveCfg = Debug|Any CPU
		{53F17ECA-CE7C-404E-B192-B467C9BBFFFC}.Debug|Any CPU.Build.0 = Debug|Any CPU
		{53F17ECA-CE7C-404E-B192-B467C9BBFFFC}.Release|Any CPU.ActiveCfg = Release|Any CPU
		{53F17ECA-CE7C-404E-B192-B467C9BBFFFC}.Release|Any CPU.Build.0 = Release|Any CPU
		{30E6266F-394D-4192-9383-88AEF265C37D}.Debug|Any CPU.ActiveCfg = Debug|Any CPU
		{30E6266F-394D-4192-9383-88AEF265C37D}.Debug|Any CPU.Build.0 = Debug|Any CPU
		{30E6266F-394D-4192-9383-88AEF265C37D}.Release|Any CPU.ActiveCfg = Release|Any CPU
		{30E6266F-394D-4192-9383-88AEF265C37D}.Release|Any CPU.Build.0 = Release|Any CPU
		{E1F72FFC-C179-43FC-A88C-898F538BFD80}.Debug|Any CPU.ActiveCfg = Debug|Any CPU
		{E1F72FFC-C179-43FC-A88C-898F538BFD80}.Debug|Any CPU.Build.0 = Debug|Any CPU
		{E1F72FFC-C179-43FC-A88C-898F538BFD80}.Release|Any CPU.ActiveCfg = Release|Any CPU
		{E1F72FFC-C179-43FC-A88C-898F538BFD80}.Release|Any CPU.Build.0 = Release|Any CPU
		{5EFA4E5B-BDE3-4E30-B95C-64DE91FC005B}.Debug|Any CPU.ActiveCfg = Debug|Any CPU
		{5EFA4E5B-BDE3-4E30-B95C-64DE91FC005B}.Debug|Any CPU.Build.0 = Debug|Any CPU
		{5EFA4E5B-BDE3-4E30-B95C-64DE91FC005B}.Release|Any CPU.ActiveCfg = Release|Any CPU
		{5EFA4E5B-BDE3-4E30-B95C-64DE91FC005B}.Release|Any CPU.Build.0 = Release|Any CPU
		{15DCDEA2-09E6-4841-B3EA-8D939DA4C382}.Debug|Any CPU.ActiveCfg = Debug|Any CPU
		{15DCDEA2-09E6-4841-B3EA-8D939DA4C382}.Debug|Any CPU.Build.0 = Debug|Any CPU
		{15DCDEA2-09E6-4841-B3EA-8D939DA4C382}.Release|Any CPU.ActiveCfg = Release|Any CPU
		{15DCDEA2-09E6-4841-B3EA-8D939DA4C382}.Release|Any CPU.Build.0 = Release|Any CPU
		{CB7A95DC-1CCB-4C19-BA68-152C62D7DE38}.Debug|Any CPU.ActiveCfg = Debug|Any CPU
		{CB7A95DC-1CCB-4C19-BA68-152C62D7DE38}.Debug|Any CPU.Build.0 = Debug|Any CPU
		{CB7A95DC-1CCB-4C19-BA68-152C62D7DE38}.Release|Any CPU.ActiveCfg = Release|Any CPU
		{CB7A95DC-1CCB-4C19-BA68-152C62D7DE38}.Release|Any CPU.Build.0 = Release|Any CPU
		{39767A6D-81A0-4ADD-8501-3DA1596358C6}.Debug|Any CPU.ActiveCfg = Debug|Any CPU
		{39767A6D-81A0-4ADD-8501-3DA1596358C6}.Debug|Any CPU.Build.0 = Debug|Any CPU
		{39767A6D-81A0-4ADD-8501-3DA1596358C6}.Release|Any CPU.ActiveCfg = Release|Any CPU
		{39767A6D-81A0-4ADD-8501-3DA1596358C6}.Release|Any CPU.Build.0 = Release|Any CPU
		{AF236A32-208A-433D-BD77-DFF6BA397FDC}.Debug|Any CPU.ActiveCfg = Debug|Any CPU
		{AF236A32-208A-433D-BD77-DFF6BA397FDC}.Debug|Any CPU.Build.0 = Debug|Any CPU
		{AF236A32-208A-433D-BD77-DFF6BA397FDC}.Release|Any CPU.ActiveCfg = Release|Any CPU
		{AF236A32-208A-433D-BD77-DFF6BA397FDC}.Release|Any CPU.Build.0 = Release|Any CPU
		{6EAFBFF5-C2DC-42E9-9DD1-DC586CC64360}.Debug|Any CPU.ActiveCfg = Debug|Any CPU
		{6EAFBFF5-C2DC-42E9-9DD1-DC586CC64360}.Debug|Any CPU.Build.0 = Debug|Any CPU
		{6EAFBFF5-C2DC-42E9-9DD1-DC586CC64360}.Release|Any CPU.ActiveCfg = Release|Any CPU
		{6EAFBFF5-C2DC-42E9-9DD1-DC586CC64360}.Release|Any CPU.Build.0 = Release|Any CPU
		{8E802A1A-68C7-4CC1-BF6F-6DF068DD15BF}.Debug|Any CPU.ActiveCfg = Debug|Any CPU
		{8E802A1A-68C7-4CC1-BF6F-6DF068DD15BF}.Debug|Any CPU.Build.0 = Debug|Any CPU
		{8E802A1A-68C7-4CC1-BF6F-6DF068DD15BF}.Release|Any CPU.ActiveCfg = Release|Any CPU
		{8E802A1A-68C7-4CC1-BF6F-6DF068DD15BF}.Release|Any CPU.Build.0 = Release|Any CPU
		{6B39DACE-F498-484D-9DFD-00C137F27D36}.Debug|Any CPU.ActiveCfg = Debug|Any CPU
		{6B39DACE-F498-484D-9DFD-00C137F27D36}.Debug|Any CPU.Build.0 = Debug|Any CPU
		{6B39DACE-F498-484D-9DFD-00C137F27D36}.Release|Any CPU.ActiveCfg = Release|Any CPU
		{6B39DACE-F498-484D-9DFD-00C137F27D36}.Release|Any CPU.Build.0 = Release|Any CPU
		{D6C77418-8000-493F-A756-4A9C4B4D0B00}.Debug|Any CPU.ActiveCfg = Debug|Any CPU
		{D6C77418-8000-493F-A756-4A9C4B4D0B00}.Debug|Any CPU.Build.0 = Debug|Any CPU
		{D6C77418-8000-493F-A756-4A9C4B4D0B00}.Release|Any CPU.ActiveCfg = Release|Any CPU
		{D6C77418-8000-493F-A756-4A9C4B4D0B00}.Release|Any CPU.Build.0 = Release|Any CPU
		{F905A864-6EFE-443D-BF17-BD66FBC5CAFB}.Debug|Any CPU.ActiveCfg = Debug|Any CPU
		{F905A864-6EFE-443D-BF17-BD66FBC5CAFB}.Debug|Any CPU.Build.0 = Debug|Any CPU
		{F905A864-6EFE-443D-BF17-BD66FBC5CAFB}.Release|Any CPU.ActiveCfg = Release|Any CPU
		{F905A864-6EFE-443D-BF17-BD66FBC5CAFB}.Release|Any CPU.Build.0 = Release|Any CPU
		{8D83E0BF-1360-48F3-9265-868C02C2A9AC}.Debug|Any CPU.ActiveCfg = Debug|Any CPU
		{8D83E0BF-1360-48F3-9265-868C02C2A9AC}.Debug|Any CPU.Build.0 = Debug|Any CPU
		{8D83E0BF-1360-48F3-9265-868C02C2A9AC}.Release|Any CPU.ActiveCfg = Release|Any CPU
		{8D83E0BF-1360-48F3-9265-868C02C2A9AC}.Release|Any CPU.Build.0 = Release|Any CPU
		{B79C0703-B8C9-4B60-9068-1B1C35781317}.Debug|Any CPU.ActiveCfg = Debug|Any CPU
		{B79C0703-B8C9-4B60-9068-1B1C35781317}.Debug|Any CPU.Build.0 = Debug|Any CPU
		{B79C0703-B8C9-4B60-9068-1B1C35781317}.Release|Any CPU.ActiveCfg = Release|Any CPU
		{B79C0703-B8C9-4B60-9068-1B1C35781317}.Release|Any CPU.Build.0 = Release|Any CPU
		{EBB10C99-9F08-41A7-86A6-8CFC3A0D64F5}.Debug|Any CPU.ActiveCfg = Debug|Any CPU
		{EBB10C99-9F08-41A7-86A6-8CFC3A0D64F5}.Debug|Any CPU.Build.0 = Debug|Any CPU
		{EBB10C99-9F08-41A7-86A6-8CFC3A0D64F5}.Release|Any CPU.ActiveCfg = Release|Any CPU
		{EBB10C99-9F08-41A7-86A6-8CFC3A0D64F5}.Release|Any CPU.Build.0 = Release|Any CPU
		{B47EAA8F-0609-4E97-8990-586C17B7DFB5}.Debug|Any CPU.ActiveCfg = Debug|Any CPU
		{B47EAA8F-0609-4E97-8990-586C17B7DFB5}.Debug|Any CPU.Build.0 = Debug|Any CPU
		{B47EAA8F-0609-4E97-8990-586C17B7DFB5}.Release|Any CPU.ActiveCfg = Release|Any CPU
		{B47EAA8F-0609-4E97-8990-586C17B7DFB5}.Release|Any CPU.Build.0 = Release|Any CPU
		{F18FFCC7-A436-484D-B1DF-85BC6D4CC064}.Debug|Any CPU.ActiveCfg = Debug|Any CPU
		{F18FFCC7-A436-484D-B1DF-85BC6D4CC064}.Debug|Any CPU.Build.0 = Debug|Any CPU
		{F18FFCC7-A436-484D-B1DF-85BC6D4CC064}.Release|Any CPU.ActiveCfg = Release|Any CPU
		{F18FFCC7-A436-484D-B1DF-85BC6D4CC064}.Release|Any CPU.Build.0 = Release|Any CPU
	EndGlobalSection
	GlobalSection(SolutionProperties) = preSolution
		HideSolutionNode = FALSE
	EndGlobalSection
	GlobalSection(NestedProjects) = preSolution
		{D9029948-9B2B-4ABE-9717-0E98656BF8E1} = {CE2C03E0-EFF9-4B56-BBA4-4A355625A359}
		{40EE1019-20A5-42AD-AFA4-9266D576AFBC} = {CE2C03E0-EFF9-4B56-BBA4-4A355625A359}
		{A404FE6B-2DD8-4DFC-932E-5957A0A07978} = {CE2C03E0-EFF9-4B56-BBA4-4A355625A359}
		{3BA64E88-B232-4F9B-B414-4E818706FBC7} = {DA95035F-9871-431D-A484-F7A5F5693EA1}
		{8B9E8477-0183-4B0B-A19B-BEDF7811E83A} = {DA95035F-9871-431D-A484-F7A5F5693EA1}
		{28716FCF-BA22-4299-AD5B-2B0C6E00F8C4} = {DA95035F-9871-431D-A484-F7A5F5693EA1}
		{53F17ECA-CE7C-404E-B192-B467C9BBFFFC} = {3C54C730-C85A-4C3E-9E6C-4D743369EC8D}
		{30E6266F-394D-4192-9383-88AEF265C37D} = {3C54C730-C85A-4C3E-9E6C-4D743369EC8D}
		{E1F72FFC-C179-43FC-A88C-898F538BFD80} = {3C54C730-C85A-4C3E-9E6C-4D743369EC8D}
		{5EFA4E5B-BDE3-4E30-B95C-64DE91FC005B} = {2BD979B9-98CE-4835-B537-CF148D5A1E98}
		{15DCDEA2-09E6-4841-B3EA-8D939DA4C382} = {2BD979B9-98CE-4835-B537-CF148D5A1E98}
		{CB7A95DC-1CCB-4C19-BA68-152C62D7DE38} = {2BD979B9-98CE-4835-B537-CF148D5A1E98}
		{39767A6D-81A0-4ADD-8501-3DA1596358C6} = {71310BD6-58AF-499E-8C82-B61C0019083D}
		{AF236A32-208A-433D-BD77-DFF6BA397FDC} = {71310BD6-58AF-499E-8C82-B61C0019083D}
		{6EAFBFF5-C2DC-42E9-9DD1-DC586CC64360} = {71310BD6-58AF-499E-8C82-B61C0019083D}
		{8E802A1A-68C7-4CC1-BF6F-6DF068DD15BF} = {D5030BD0-88F4-4FF0-BC96-29E66DA7F17A}
		{6B39DACE-F498-484D-9DFD-00C137F27D36} = {D5030BD0-88F4-4FF0-BC96-29E66DA7F17A}
		{D6C77418-8000-493F-A756-4A9C4B4D0B00} = {D5030BD0-88F4-4FF0-BC96-29E66DA7F17A}
		{F905A864-6EFE-443D-BF17-BD66FBC5CAFB} = {CB6F6ABC-14DE-48C1-A007-719836AE2BBE}
		{8D83E0BF-1360-48F3-9265-868C02C2A9AC} = {CB6F6ABC-14DE-48C1-A007-719836AE2BBE}
		{B79C0703-B8C9-4B60-9068-1B1C35781317} = {CB6F6ABC-14DE-48C1-A007-719836AE2BBE}
		{EBB10C99-9F08-41A7-86A6-8CFC3A0D64F5} = {8227BC4B-FDE4-48D6-80E6-F94637B7F9ED}
		{B47EAA8F-0609-4E97-8990-586C17B7DFB5} = {8227BC4B-FDE4-48D6-80E6-F94637B7F9ED}
		{F18FFCC7-A436-484D-B1DF-85BC6D4CC064} = {8227BC4B-FDE4-48D6-80E6-F94637B7F9ED}
	EndGlobalSection
	GlobalSection(ExtensibilityGlobals) = postSolution
		SolutionGuid = {D3817588-4ED5-4D2D-9379-77BBBB8A4B41}
	EndGlobalSection
EndGlobal
